Microsoft Visual Studio Solution File, Format Version 12.00
# Visual Studio 11

Project("{9e555854-9d48-4629-b8cb-e7898338ad44}") = "bangout", "bangout.Unity.csproj", "{630e27db-c066-4b59-8e4a-7df1035af9e1}"
EndProject
Global
	GlobalSection(SolutionConfigurationPlatforms) = preSolution
		Debug|Any CPU = Debug|Any CPU
		Release|Any CPU = Release|Any CPU
	EndGlobalSection
	GlobalSection(ProjectConfigurationPlatforms) = postSolution
		{630e27db-c066-4b59-8e4a-7df1035af9e1}.Debug|Any CPU.ActiveCfg = Debug|Any CPU
		{630e27db-c066-4b59-8e4a-7df1035af9e1}.Debug|Any CPU.Build.0 = Debug|Any CPU
		{630e27db-c066-4b59-8e4a-7df1035af9e1}.Release|Any CPU.ActiveCfg = Release|Any CPU
		{630e27db-c066-4b59-8e4a-7df1035af9e1}.Release|Any CPU.Build.0 = Release|Any CPU
	EndGlobalSection
	GlobalSection(SolutionProperties) = preSolution
		HideSolutionNode = FALSE
	EndGlobalSection

EndGlobal