Microsoft Visual Studio Solution File, Format Version 12.00
# Visual Studio 11

Project("{52fef4df-b8a1-47cd-8add-f468d65c87aa}") = "bangout", "bangout.Unity.csproj", "{f0d5e5dd-263d-4df8-aa94-a0cfb0a5254b}"
EndProject
Global
	GlobalSection(SolutionConfigurationPlatforms) = preSolution
		Debug|Any CPU = Debug|Any CPU
		Release|Any CPU = Release|Any CPU
	EndGlobalSection
	GlobalSection(ProjectConfigurationPlatforms) = postSolution
		{f0d5e5dd-263d-4df8-aa94-a0cfb0a5254b}.Debug|Any CPU.ActiveCfg = Debug|Any CPU
		{f0d5e5dd-263d-4df8-aa94-a0cfb0a5254b}.Debug|Any CPU.Build.0 = Debug|Any CPU
		{f0d5e5dd-263d-4df8-aa94-a0cfb0a5254b}.Release|Any CPU.ActiveCfg = Release|Any CPU
		{f0d5e5dd-263d-4df8-aa94-a0cfb0a5254b}.Release|Any CPU.Build.0 = Release|Any CPU
	EndGlobalSection
	GlobalSection(SolutionProperties) = preSolution
		HideSolutionNode = FALSE
	EndGlobalSection

EndGlobal