Microsoft Visual Studio Solution File, Format Version 12.00
# Visual Studio 11

Project("{d60f800f-c744-4f0b-9caa-df6b0a839cab}") = "bangout", "bangout.Unity.csproj", "{9e4957b5-a7ae-4075-a4e1-5395121bd800}"
EndProject
Global
	GlobalSection(SolutionConfigurationPlatforms) = preSolution
		Debug|Any CPU = Debug|Any CPU
		Release|Any CPU = Release|Any CPU
	EndGlobalSection
	GlobalSection(ProjectConfigurationPlatforms) = postSolution
		{9e4957b5-a7ae-4075-a4e1-5395121bd800}.Debug|Any CPU.ActiveCfg = Debug|Any CPU
		{9e4957b5-a7ae-4075-a4e1-5395121bd800}.Debug|Any CPU.Build.0 = Debug|Any CPU
		{9e4957b5-a7ae-4075-a4e1-5395121bd800}.Release|Any CPU.ActiveCfg = Release|Any CPU
		{9e4957b5-a7ae-4075-a4e1-5395121bd800}.Release|Any CPU.Build.0 = Release|Any CPU
	EndGlobalSection
	GlobalSection(SolutionProperties) = preSolution
		HideSolutionNode = FALSE
	EndGlobalSection

EndGlobal